
Microsoft Visual Studio Solution File, Format Version 12.00
# Visual Studio Version 16
VisualStudioVersion = 16.0.31129.286
MinimumVisualStudioVersion = 10.0.40219.1
Project("{FAE04EC0-301F-11D3-BF4B-00C04F79EFBC}") = "A873263.Actividad02", "A873263.Actividad02\A873263.Actividad02.csproj", "{5F008825-4EBE-43F1-9C4C-D15D2ECA7CD3}"
EndProject
Global
	GlobalSection(SolutionConfigurationPlatforms) = preSolution
		Debug|Any CPU = Debug|Any CPU
		Release|Any CPU = Release|Any CPU
	EndGlobalSection
	GlobalSection(ProjectConfigurationPlatforms) = postSolution
		{5F008825-4EBE-43F1-9C4C-D15D2ECA7CD3}.Debug|Any CPU.ActiveCfg = Debug|Any CPU
		{5F008825-4EBE-43F1-9C4C-D15D2ECA7CD3}.Debug|Any CPU.Build.0 = Debug|Any CPU
		{5F008825-4EBE-43F1-9C4C-D15D2ECA7CD3}.Release|Any CPU.ActiveCfg = Release|Any CPU
		{5F008825-4EBE-43F1-9C4C-D15D2ECA7CD3}.Release|Any CPU.Build.0 = Release|Any CPU
	EndGlobalSection
	GlobalSection(SolutionProperties) = preSolution
		HideSolutionNode = FALSE
	EndGlobalSection
	GlobalSection(ExtensibilityGlobals) = postSolution
		SolutionGuid = {8D56DEC6-CC67-4119-8ACE-288D36272B18}
	EndGlobalSection
EndGlobal
